PODS:
  - JSQMessagesViewController (5.2.1):
    - JSQSystemSoundPlayer
  - JSQSystemSoundPlayer (1.5.2)
  - SIOSocket (0.0.2)

DEPENDENCIES:
  - JSQMessagesViewController
  - SIOSocket

SPEC CHECKSUMS:
  JSQMessagesViewController: 5f0b9aa9575c8ccbd366e17f7a44ce3faa08cc56
  JSQSystemSoundPlayer: 443466bd5f4537d0b7f15a0184244169ae65f8e5
  SIOSocket: 261fd95f3f463aa1b4f0690a18c22421f2f1c6d2

PODFILE CHECKSUM: 1056c81ac2c754f2334c403acbeef52587670575

COCOAPODS: 1.0.0
